
Microsoft Visual Studio Solution File, Format Version 12.00
# Visual Studio Version 17
VisualStudioVersion = 17.13.35825.156 d17.13
MinimumVisualStudioVersion = 10.0.40219.1
Project("{FAE04EC0-301F-11D3-BF4B-00C04F79EFBC}") = "WinFormsApp2", "WinFormsApp2\WinFormsApp2.csproj", "{A7B99232-F5EA-45B8-BA87-A7DE8A8DE162}"
EndProject
Global
	GlobalSection(SolutionConfigurationPlatforms) = preSolution
		Debug|Any CPU = Debug|Any CPU
		Release|Any CPU = Release|Any CPU
	EndGlobalSection
	GlobalSection(ProjectConfigurationPlatforms) = postSolution
		{A7B99232-F5EA-45B8-BA87-A7DE8A8DE162}.Debug|Any CPU.ActiveCfg = Debug|Any CPU
		{A7B99232-F5EA-45B8-BA87-A7DE8A8DE162}.Debug|Any CPU.Build.0 = Debug|Any CPU
		{A7B99232-F5EA-45B8-BA87-A7DE8A8DE162}.Release|Any CPU.ActiveCfg = Release|Any CPU
		{A7B99232-F5EA-45B8-BA87-A7DE8A8DE162}.Release|Any CPU.Build.0 = Release|Any CPU
	EndGlobalSection
	GlobalSection(SolutionProperties) = preSolution
		HideSolutionNode = FALSE
	EndGlobalSection
	GlobalSection(ExtensibilityGlobals) = postSolution
		SolutionGuid = {24EAE949-70F4-45C7-A0B1-93CDCCEA0AD3}
	EndGlobalSection
EndGlobal
